
Microsoft Visual Studio Solution File, Format Version 12.00
# Visual Studio Version 16
VisualStudioVersion = 16.0.28803.202
MinimumVisualStudioVersion = 10.0.40219.1
Project("{FAE04EC0-301F-11D3-BF4B-00C04F79EFBC}") = "UI", "UI\UI.csproj", "{692E774B-29A6-4561-BCAB-C155B45EE738}"
EndProject
Project("{FAE04EC0-301F-11D3-BF4B-00C04F79EFBC}") = "UI Components", "UI Components\UI Components.csproj", "{30C950B1-263C-4C62-B357-DA59CFC1381F}"
EndProject
Project("{8BC9CEB8-8B4A-11D0-8D11-00A0C91BC942}") = "Flasher", "Flasher\Flasher.vcxproj", "{D5F426CC-73BB-4A71-A1CA-9DBFDD2968CC}"
EndProject
Project("{FAE04EC0-301F-11D3-BF4B-00C04F79EFBC}") = "Core", "Core\Core.csproj", "{674CDEA3-4761-44B6-B8DB-E7E31F59A797}"
EndProject
Project("{FAE04EC0-301F-11D3-BF4B-00C04F79EFBC}") = "Test", "Test\Test.csproj", "{F607D049-44F1-40AB-8876-B1F3FE4C9837}"
EndProject
Global
	GlobalSection(SolutionConfigurationPlatforms) = preSolution
		Debug|Any CPU = Debug|Any CPU
		Debug|x64 = Debug|x64
		Debug|x86 = Debug|x86
		Release|Any CPU = Release|Any CPU
		Release|x64 = Release|x64
		Release|x86 = Release|x86
	EndGlobalSection
	GlobalSection(ProjectConfigurationPlatforms) = postSolution
		{692E774B-29A6-4561-BCAB-C155B45EE738}.Debug|Any CPU.ActiveCfg = Debug|Any CPU
		{692E774B-29A6-4561-BCAB-C155B45EE738}.Debug|Any CPU.Build.0 = Debug|Any CPU
		{692E774B-29A6-4561-BCAB-C155B45EE738}.Debug|x64.ActiveCfg = Debug|Any CPU
		{692E774B-29A6-4561-BCAB-C155B45EE738}.Debug|x64.Build.0 = Debug|Any CPU
		{692E774B-29A6-4561-BCAB-C155B45EE738}.Debug|x86.ActiveCfg = Debug|Any CPU
		{692E774B-29A6-4561-BCAB-C155B45EE738}.Debug|x86.Build.0 = Debug|Any CPU
		{692E774B-29A6-4561-BCAB-C155B45EE738}.Release|Any CPU.ActiveCfg = Release|Any CPU
		{692E774B-29A6-4561-BCAB-C155B45EE738}.Release|Any CPU.Build.0 = Release|Any CPU
		{692E774B-29A6-4561-BCAB-C155B45EE738}.Release|x64.ActiveCfg = Release|Any CPU
		{692E774B-29A6-4561-BCAB-C155B45EE738}.Release|x64.Build.0 = Release|Any CPU
		{692E774B-29A6-4561-BCAB-C155B45EE738}.Release|x86.ActiveCfg = Release|Any CPU
		{692E774B-29A6-4561-BCAB-C155B45EE738}.Release|x86.Build.0 = Release|Any CPU
		{30C950B1-263C-4C62-B357-DA59CFC1381F}.Debug|Any CPU.ActiveCfg = Debug|Any CPU
		{30C950B1-263C-4C62-B357-DA59CFC1381F}.Debug|Any CPU.Build.0 = Debug|Any CPU
		{30C950B1-263C-4C62-B357-DA59CFC1381F}.Debug|x64.ActiveCfg = Debug|Any CPU
		{30C950B1-263C-4C62-B357-DA59CFC1381F}.Debug|x64.Build.0 = Debug|Any CPU
		{30C950B1-263C-4C62-B357-DA59CFC1381F}.Debug|x86.ActiveCfg = Debug|Any CPU
		{30C950B1-263C-4C62-B357-DA59CFC1381F}.Debug|x86.Build.0 = Debug|Any CPU
		{30C950B1-263C-4C62-B357-DA59CFC1381F}.Release|Any CPU.ActiveCfg = Release|Any CPU
		{30C950B1-263C-4C62-B357-DA59CFC1381F}.Release|Any CPU.Build.0 = Release|Any CPU
		{30C950B1-263C-4C62-B357-DA59CFC1381F}.Release|x64.ActiveCfg = Release|Any CPU
		{30C950B1-263C-4C62-B357-DA59CFC1381F}.Release|x64.Build.0 = Release|Any CPU
		{30C950B1-263C-4C62-B357-DA59CFC1381F}.Release|x86.ActiveCfg = Release|Any CPU
		{30C950B1-263C-4C62-B357-DA59CFC1381F}.Release|x86.Build.0 = Release|Any CPU
		{D5F426CC-73BB-4A71-A1CA-9DBFDD2968CC}.Debug|Any CPU.ActiveCfg = Debug|Win32
		{D5F426CC-73BB-4A71-A1CA-9DBFDD2968CC}.Debug|x64.ActiveCfg = Debug|x64
		{D5F426CC-73BB-4A71-A1CA-9DBFDD2968CC}.Debug|x64.Build.0 = Debug|x64
		{D5F426CC-73BB-4A71-A1CA-9DBFDD2968CC}.Debug|x86.ActiveCfg = Debug|Win32
		{D5F426CC-73BB-4A71-A1CA-9DBFDD2968CC}.Debug|x86.Build.0 = Debug|Win32
		{D5F426CC-73BB-4A71-A1CA-9DBFDD2968CC}.Release|Any CPU.ActiveCfg = Release|Win32
		{D5F426CC-73BB-4A71-A1CA-9DBFDD2968CC}.Release|x64.ActiveCfg = Release|x64
		{D5F426CC-73BB-4A71-A1CA-9DBFDD2968CC}.Release|x64.Build.0 = Release|x64
		{D5F426CC-73BB-4A71-A1CA-9DBFDD2968CC}.Release|x86.ActiveCfg = Release|Win32
		{D5F426CC-73BB-4A71-A1CA-9DBFDD2968CC}.Release|x86.Build.0 = Release|Win32
		{674CDEA3-4761-44B6-B8DB-E7E31F59A797}.Debug|Any CPU.ActiveCfg = Debug|Any CPU
		{674CDEA3-4761-44B6-B8DB-E7E31F59A797}.Debug|Any CPU.Build.0 = Debug|Any CPU
		{674CDEA3-4761-44B6-B8DB-E7E31F59A797}.Debug|x64.ActiveCfg = Debug|Any CPU
		{674CDEA3-4761-44B6-B8DB-E7E31F59A797}.Debug|x64.Build.0 = Debug|Any CPU
		{674CDEA3-4761-44B6-B8DB-E7E31F59A797}.Debug|x86.ActiveCfg = Debug|Any CPU
		{674CDEA3-4761-44B6-B8DB-E7E31F59A797}.Debug|x86.Build.0 = Debug|Any CPU
		{674CDEA3-4761-44B6-B8DB-E7E31F59A797}.Release|Any CPU.ActiveCfg = Release|Any CPU
		{674CDEA3-4761-44B6-B8DB-E7E31F59A797}.Release|Any CPU.Build.0 = Release|Any CPU
		{674CDEA3-4761-44B6-B8DB-E7E31F59A797}.Release|x64.ActiveCfg = Release|Any CPU
		{674CDEA3-4761-44B6-B8DB-E7E31F59A797}.Release|x64.Build.0 = Release|Any CPU
		{674CDEA3-4761-44B6-B8DB-E7E31F59A797}.Release|x86.ActiveCfg = Release|Any CPU
		{674CDEA3-4761-44B6-B8DB-E7E31F59A797}.Release|x86.Build.0 = Release|Any CPU
		{F607D049-44F1-40AB-8876-B1F3FE4C9837}.Debug|Any CPU.ActiveCfg = Debug|Any CPU
		{F607D049-44F1-40AB-8876-B1F3FE4C9837}.Debug|Any CPU.Build.0 = Debug|Any CPU
		{F607D049-44F1-40AB-8876-B1F3FE4C9837}.Debug|x64.ActiveCfg = Debug|Any CPU
		{F607D049-44F1-40AB-8876-B1F3FE4C9837}.Debug|x64.Build.0 = Debug|Any CPU
		{F607D049-44F1-40AB-8876-B1F3FE4C9837}.Debug|x86.ActiveCfg = Debug|Any CPU
		{F607D049-44F1-40AB-8876-B1F3FE4C9837}.Debug|x86.Build.0 = Debug|Any CPU
		{F607D049-44F1-40AB-8876-B1F3FE4C9837}.Release|Any CPU.ActiveCfg = Release|Any CPU
		{F607D049-44F1-40AB-8876-B1F3FE4C9837}.Release|Any CPU.Build.0 = Release|Any CPU
		{F607D049-44F1-40AB-8876-B1F3FE4C9837}.Release|x64.ActiveCfg = Release|Any CPU
		{F607D049-44F1-40AB-8876-B1F3FE4C9837}.Release|x64.Build.0 = Release|Any CPU
		{F607D049-44F1-40AB-8876-B1F3FE4C9837}.Release|x86.ActiveCfg = Release|Any CPU
		{F607D049-44F1-40AB-8876-B1F3FE4C9837}.Release|x86.Build.0 = Release|Any CPU
	EndGlobalSection
	GlobalSection(SolutionProperties) = preSolution
		HideSolutionNode = FALSE
	EndGlobalSection
	GlobalSection(ExtensibilityGlobals) = postSolution
		SolutionGuid = {CB421C4D-E0D2-4D1A-BCA2-89FA8916DE16}
	EndGlobalSection
EndGlobal
